
Microsoft Visual Studio Solution File, Format Version 12.00
# Visual Studio Version 17
VisualStudioVersion = 17.11.35312.102
MinimumVisualStudioVersion = 10.0.40219.1
Project("{9A19103F-16F7-4668-BE54-9A1E7A4F7556}") = "WineApi", "WineApi\WineApi.csproj", "{B24A9DEC-4D01-48DC-A7C9-656948629F43}"
EndProject
Project("{E53339B2-1760-4266-BCC7-CA923CBCF16C}") = "docker-compose", "docker-compose.dcproj", "{F98E5B8F-B970-464A-A206-FF4B491C9559}"
EndProject
Project("{FAE04EC0-301F-11D3-BF4B-00C04F79EFBC}") = "WeinManagementUnitTests", "..\WeinManagementUnitTests\WeinManagementUnitTests.csproj", "{8DBC752B-13E5-4711-A1B9-9F43AFE328EF}"
EndProject
Global
	GlobalSection(SolutionConfigurationPlatforms) = preSolution
		Debug|Any CPU = Debug|Any CPU
		Release|Any CPU = Release|Any CPU
	EndGlobalSection
	GlobalSection(ProjectConfigurationPlatforms) = postSolution
		{B24A9DEC-4D01-48DC-A7C9-656948629F43}.Debug|Any CPU.ActiveCfg = Debug|Any CPU
		{B24A9DEC-4D01-48DC-A7C9-656948629F43}.Debug|Any CPU.Build.0 = Debug|Any CPU
		{B24A9DEC-4D01-48DC-A7C9-656948629F43}.Release|Any CPU.ActiveCfg = Release|Any CPU
		{B24A9DEC-4D01-48DC-A7C9-656948629F43}.Release|Any CPU.Build.0 = Release|Any CPU
		{F98E5B8F-B970-464A-A206-FF4B491C9559}.Debug|Any CPU.ActiveCfg = Debug|Any CPU
		{F98E5B8F-B970-464A-A206-FF4B491C9559}.Debug|Any CPU.Build.0 = Debug|Any CPU
		{F98E5B8F-B970-464A-A206-FF4B491C9559}.Release|Any CPU.ActiveCfg = Release|Any CPU
		{F98E5B8F-B970-464A-A206-FF4B491C9559}.Release|Any CPU.Build.0 = Release|Any CPU
		{8DBC752B-13E5-4711-A1B9-9F43AFE328EF}.Debug|Any CPU.ActiveCfg = Debug|Any CPU
		{8DBC752B-13E5-4711-A1B9-9F43AFE328EF}.Debug|Any CPU.Build.0 = Debug|Any CPU
		{8DBC752B-13E5-4711-A1B9-9F43AFE328EF}.Release|Any CPU.ActiveCfg = Release|Any CPU
		{8DBC752B-13E5-4711-A1B9-9F43AFE328EF}.Release|Any CPU.Build.0 = Release|Any CPU
	EndGlobalSection
	GlobalSection(SolutionProperties) = preSolution
		HideSolutionNode = FALSE
	EndGlobalSection
	GlobalSection(ExtensibilityGlobals) = postSolution
		SolutionGuid = {FE25E3B6-7FEF-49B6-8D67-E071A33945EE}
	EndGlobalSection
EndGlobal
